
Microsoft Visual Studio Solution File, Format Version 12.00
# Visual Studio Version 17
VisualStudioVersion = 17.6.33723.286
MinimumVisualStudioVersion = 10.0.40219.1
Project("{FAE04EC0-301F-11D3-BF4B-00C04F79EFBC}") = "AcademyProject3.2_Classes(Abstract Classes)", "AcademyProject3.2_Classes(Abstract Classes)\AcademyProject3.2_Classes(Abstract Classes).csproj", "{2E237FB9-CD96-45E1-960D-C2B69192FF6B}"
EndProject
Global
	GlobalSection(SolutionConfigurationPlatforms) = preSolution
		Debug|Any CPU = Debug|Any CPU
		Release|Any CPU = Release|Any CPU
	EndGlobalSection
	GlobalSection(ProjectConfigurationPlatforms) = postSolution
		{2E237FB9-CD96-45E1-960D-C2B69192FF6B}.Debug|Any CPU.ActiveCfg = Debug|Any CPU
		{2E237FB9-CD96-45E1-960D-C2B69192FF6B}.Debug|Any CPU.Build.0 = Debug|Any CPU
		{2E237FB9-CD96-45E1-960D-C2B69192FF6B}.Release|Any CPU.ActiveCfg = Release|Any CPU
		{2E237FB9-CD96-45E1-960D-C2B69192FF6B}.Release|Any CPU.Build.0 = Release|Any CPU
	EndGlobalSection
	GlobalSection(SolutionProperties) = preSolution
		HideSolutionNode = FALSE
	EndGlobalSection
	GlobalSection(ExtensibilityGlobals) = postSolution
		SolutionGuid = {8BF7148C-9EEE-4246-88C3-1606892E6241}
	EndGlobalSection
EndGlobal
